// !$*UTF8*$!
{
	archiveVersion = 1;
	classes = {
	};
	objectVersion = 56;
	objects = {

/* Begin PBXBuildFile section */
		2C3E51222BFDA70400106526 /* PokeAppSwiftUIApp.swift in Sources */ = {isa = PBXBuildFile; fileRef = 2C3E51212BFDA70400106526 /* PokeAppSwiftUIApp.swift */; };
		2C3E51262BFDA70500106526 /* Assets.xcassets in Resources */ = {isa = PBXBuildFile; fileRef = 2C3E51252BFDA70500106526 /* Assets.xcassets */; };
		2C3E51292BFDA70500106526 /* Preview Assets.xcassets in Resources */ = {isa = PBXBuildFile; fileRef = 2C3E51282BFDA70500106526 /* Preview Assets.xcassets */; };
		2C3E51332BFDA70500106526 /* PokeAppSwiftUITests.swift in Sources */ = {isa = PBXBuildFile; fileRef = 2C3E51322BFDA70500106526 /* PokeAppSwiftUITests.swift */; };
		2C3E513D2BFDA70500106526 /* PokeAppSwiftUIUITests.swift in Sources */ = {isa = PBXBuildFile; fileRef = 2C3E513C2BFDA70500106526 /* PokeAppSwiftUIUITests.swift */; };
		2C3E513F2BFDA70500106526 /* PokeAppSwiftUIUITestsLaunchTests.swift in Sources */ = {isa = PBXBuildFile; fileRef = 2C3E513E2BFDA70500106526 /* PokeAppSwiftUIUITestsLaunchTests.swift */; };
		2C3E514F2BFDA76200106526 /* PokemonListViewModel.swift in Sources */ = {isa = PBXBuildFile; fileRef = 2C3E514E2BFDA76200106526 /* PokemonListViewModel.swift */; };
		2C3E51512BFDA76D00106526 /* PokemonDetailView.swift in Sources */ = {isa = PBXBuildFile; fileRef = 2C3E51502BFDA76D00106526 /* PokemonDetailView.swift */; };
		2C3E51532BFDA79800106526 /* PokemonListView.swift in Sources */ = {isa = PBXBuildFile; fileRef = 2C3E51522BFDA79800106526 /* PokemonListView.swift */; };
		2C3E51552BFDA7B800106526 /* Pokemon.swift in Sources */ = {isa = PBXBuildFile; fileRef = 2C3E51542BFDA7B800106526 /* Pokemon.swift */; };
		2C3E51572BFDA80700106526 /* PokemonListResponse.swift in Sources */ = {isa = PBXBuildFile; fileRef = 2C3E51562BFDA80700106526 /* PokemonListResponse.swift */; };
		2C3E51592BFDA92A00106526 /* PokemonDetailViewModel.swift in Sources */ = {isa = PBXBuildFile; fileRef = 2C3E51582BFDA92A00106526 /* PokemonDetailViewModel.swift */; };
		2C3E515B2BFDA96700106526 /* AsyncImageView.swift in Sources */ = {isa = PBXBuildFile; fileRef = 2C3E515A2BFDA96700106526 /* AsyncImageView.swift */; };
		2C3E515D2BFDACA600106526 /* PokemonHeaderView.swift in Sources */ = {isa = PBXBuildFile; fileRef = 2C3E515C2BFDACA600106526 /* PokemonHeaderView.swift */; };
		2C3E515F2BFDACC900106526 /* PokemonInfoView.swift in Sources */ = {isa = PBXBuildFile; fileRef = 2C3E515E2BFDACC900106526 /* PokemonInfoView.swift */; };
		2C3E51612BFDACDE00106526 /* SpritesGridView.swift in Sources */ = {isa = PBXBuildFile; fileRef = 2C3E51602BFDACDE00106526 /* SpritesGridView.swift */; };
		2C3E51632BFDACFA00106526 /* SectionView.swift in Sources */ = {isa = PBXBuildFile; fileRef = 2C3E51622BFDACFA00106526 /* SectionView.swift */; };
		2C3E51652BFDB32200106526 /* PokemonDetailViewModelTests.swift in Sources */ = {isa = PBXBuildFile; fileRef = 2C3E51642BFDB32200106526 /* PokemonDetailViewModelTests.swift */; };
		2C3E51672BFDB38F00106526 /* PokemonListViewUITests.swift in Sources */ = {isa = PBXBuildFile; fileRef = 2C3E51662BFDB38F00106526 /* PokemonListViewUITests.swift */; };
		2C3E51692BFDB3CF00106526 /* PokemonListViewUIUITests.swift in Sources */ = {isa = PBXBuildFile; fileRef = 2C3E51682BFDB3CF00106526 /* PokemonListViewUIUITests.swift */; };
		2C3E516D2BFDB43200106526 /* PokemonListViewModelTests.swift in Sources */ = {isa = PBXBuildFile; fileRef = 2C3E516C2BFDB43200106526 /* PokemonListViewModelTests.swift */; };
		2C3E51712BFDB6E900106526 /* PokemonService.swift in Sources */ = {isa = PBXBuildFile; fileRef = 2C3E51702BFDB6E900106526 /* PokemonService.swift */; };
/* End PBXBuildFile section */

/* Begin PBXContainerItemProxy section */
		2C3E512F2BFDA70500106526 /* PBXContainerItemProxy */ = {
			isa = PBXContainerItemProxy;
			containerPortal = 2C3E51162BFDA70400106526 /* Project object */;
			proxyType = 1;
			remoteGlobalIDString = 2C3E511D2BFDA70400106526;
			remoteInfo = PokeAppSwiftUI;
		};
		2C3E51392BFDA70500106526 /* PBXContainerItemProxy */ = {
			isa = PBXContainerItemProxy;
			containerPortal = 2C3E51162BFDA70400106526 /* Project object */;
			proxyType = 1;
			remoteGlobalIDString = 2C3E511D2BFDA70400106526;
			remoteInfo = PokeAppSwiftUI;
		};
/* End PBXContainerItemProxy section */

/* Begin PBXFileReference section */
		2C3E511E2BFDA70400106526 /* PokeAppSwiftUI.app */ = {isa = PBXFileReference; explicitFileType = wrapper.application; includeInIndex = 0; path = PokeAppSwiftUI.app; sourceTree = BUILT_PRODUCTS_DIR; };
		2C3E51212BFDA70400106526 /* PokeAppSwiftUIApp.swift */ = {isa = PBXFileReference; lastKnownFileType = sourcecode.swift; path = PokeAppSwiftUIApp.swift; sourceTree = "<group>"; };
		2C3E51252BFDA70500106526 /* Assets.xcassets */ = {isa = PBXFileReference; lastKnownFileType = folder.assetcatalog; path = Assets.xcassets; sourceTree = "<group>"; };
		2C3E51282BFDA70500106526 /* Preview Assets.xcassets */ = {isa = PBXFileReference; lastKnownFileType = folder.assetcatalog; path = "Preview Assets.xcassets"; sourceTree = "<group>"; };
		2C3E512E2BFDA70500106526 /* PokeAppSwiftUITests.xctest */ = {isa = PBXFileReference; explicitFileType = wrapper.cfbundle; includeInIndex = 0; path = PokeAppSwiftUITests.xctest; sourceTree = BUILT_PRODUCTS_DIR; };
		2C3E51322BFDA70500106526 /* PokeAppSwiftUITests.swift */ = {isa = PBXFileReference; lastKnownFileType = sourcecode.swift; path = PokeAppSwiftUITests.swift; sourceTree = "<group>"; };
		2C3E51382BFDA70500106526 /* PokeAppSwiftUIUITests.xctest */ = {isa = PBXFileReference; explicitFileType = wrapper.cfbundle; includeInIndex = 0; path = PokeAppSwiftUIUITests.xctest; sourceTree = BUILT_PRODUCTS_DIR; };
		2C3E513C2BFDA70500106526 /* PokeAppSwiftUIUITests.swift */ = {isa = PBXFileReference; lastKnownFileType = sourcecode.swift; path = PokeAppSwiftUIUITests.swift; sourceTree = "<group>"; };
		2C3E513E2BFDA70500106526 /* PokeAppSwiftUIUITestsLaunchTests.swift */ = {isa = PBXFileReference; lastKnownFileType = sourcecode.swift; path = PokeAppSwiftUIUITestsLaunchTests.swift; sourceTree = "<group>"; };
		2C3E514E2BFDA76200106526 /* PokemonListViewModel.swift */ = {isa = PBXFileReference; lastKnownFileType = sourcecode.swift; path = PokemonListViewModel.swift; sourceTree = "<group>"; };
		2C3E51502BFDA76D00106526 /* PokemonDetailView.swift */ = {isa = PBXFileReference; lastKnownFileType = sourcecode.swift; path = PokemonDetailView.swift; sourceTree = "<group>"; };
		2C3E51522BFDA79800106526 /* PokemonListView.swift */ = {isa = PBXFileReference; lastKnownFileType = sourcecode.swift; path = PokemonListView.swift; sourceTree = "<group>"; };
		2C3E51542BFDA7B800106526 /* Pokemon.swift */ = {isa = PBXFileReference; lastKnownFileType = sourcecode.swift; path = Pokemon.swift; sourceTree = "<group>"; };
		2C3E51562BFDA80700106526 /* PokemonListResponse.swift */ = {isa = PBXFileReference; lastKnownFileType = sourcecode.swift; path = PokemonListResponse.swift; sourceTree = "<group>"; };
		2C3E51582BFDA92A00106526 /* PokemonDetailViewModel.swift */ = {isa = PBXFileReference; lastKnownFileType = sourcecode.swift; path = PokemonDetailViewModel.swift; sourceTree = "<group>"; };
		2C3E515A2BFDA96700106526 /* AsyncImageView.swift */ = {isa = PBXFileReference; lastKnownFileType = sourcecode.swift; path = AsyncImageView.swift; sourceTree = "<group>"; };
		2C3E515C2BFDACA600106526 /* PokemonHeaderView.swift */ = {isa = PBXFileReference; lastKnownFileType = sourcecode.swift; path = PokemonHeaderView.swift; sourceTree = "<group>"; };
		2C3E515E2BFDACC900106526 /* PokemonInfoView.swift */ = {isa = PBXFileReference; lastKnownFileType = sourcecode.swift; path = PokemonInfoView.swift; sourceTree = "<group>"; };
		2C3E51602BFDACDE00106526 /* SpritesGridView.swift */ = {isa = PBXFileReference; lastKnownFileType = sourcecode.swift; path = SpritesGridView.swift; sourceTree = "<group>"; };
		2C3E51622BFDACFA00106526 /* SectionView.swift */ = {isa = PBXFileReference; lastKnownFileType = sourcecode.swift; path = SectionView.swift; sourceTree = "<group>"; };
		2C3E51642BFDB32200106526 /* PokemonDetailViewModelTests.swift */ = {isa = PBXFileReference; lastKnownFileType = sourcecode.swift; path = PokemonDetailViewModelTests.swift; sourceTree = "<group>"; };
		2C3E51662BFDB38F00106526 /* PokemonListViewUITests.swift */ = {isa = PBXFileReference; lastKnownFileType = sourcecode.swift; path = PokemonListViewUITests.swift; sourceTree = "<group>"; };
		2C3E51682BFDB3CF00106526 /* PokemonListViewUIUITests.swift */ = {isa = PBXFileReference; lastKnownFileType = sourcecode.swift; path = PokemonListViewUIUITests.swift; sourceTree = "<group>"; };
		2C3E516C2BFDB43200106526 /* PokemonListViewModelTests.swift */ = {isa = PBXFileReference; lastKnownFileType = sourcecode.swift; path = PokemonListViewModelTests.swift; sourceTree = "<group>"; };
		2C3E51702BFDB6E900106526 /* PokemonService.swift */ = {isa = PBXFileReference; lastKnownFileType = sourcecode.swift; path = PokemonService.swift; sourceTree = "<group>"; };
/* End PBXFileReference section */

/* Begin PBXFrameworksBuildPhase section */
		2C3E511B2BFDA70400106526 /* Frameworks */ = {
			isa = PBXFrameworksBuildPhase;
			buildActionMask = 2147483647;
			files = (
			);
			runOnlyForDeploymentPostprocessing = 0;
		};
		2C3E512B2BFDA70500106526 /* Frameworks */ = {
			isa = PBXFrameworksBuildPhase;
			buildActionMask = 2147483647;
			files = (
			);
			runOnlyForDeploymentPostprocessing = 0;
		};
		2C3E51352BFDA70500106526 /* Frameworks */ = {
			isa = PBXFrameworksBuildPhase;
			buildActionMask = 2147483647;
			files = (
			);
			runOnlyForDeploymentPostprocessing = 0;
		};
/* End PBXFrameworksBuildPhase section */

/* Begin PBXGroup section */
		2C3E51152BFDA70400106526 = {
			isa = PBXGroup;
			children = (
				2C3E51202BFDA70400106526 /* PokeAppSwiftUI */,
				2C3E51312BFDA70500106526 /* PokeAppSwiftUITests */,
				2C3E513B2BFDA70500106526 /* PokeAppSwiftUIUITests */,
				2C3E511F2BFDA70400106526 /* Products */,
			);
			sourceTree = "<group>";
		};
		2C3E511F2BFDA70400106526 /* Products */ = {
			isa = PBXGroup;
			children = (
				2C3E511E2BFDA70400106526 /* PokeAppSwiftUI.app */,
				2C3E512E2BFDA70500106526 /* PokeAppSwiftUITests.xctest */,
				2C3E51382BFDA70500106526 /* PokeAppSwiftUIUITests.xctest */,
			);
			name = Products;
			sourceTree = "<group>";
		};
		2C3E51202BFDA70400106526 /* PokeAppSwiftUI */ = {
			isa = PBXGroup;
			children = (
				2C3E51212BFDA70400106526 /* PokeAppSwiftUIApp.swift */,
				2C3E514B2BFDA71900106526 /* Models */,
				2C3E514C2BFDA72C00106526 /* Views */,
				2C3E514D2BFDA73400106526 /* ViewModels */,
				2C3E51252BFDA70500106526 /* Assets.xcassets */,
				2C3E51272BFDA70500106526 /* Preview Content */,
			);
			path = PokeAppSwiftUI;
			sourceTree = "<group>";
		};
		2C3E51272BFDA70500106526 /* Preview Content */ = {
			isa = PBXGroup;
			children = (
				2C3E51282BFDA70500106526 /* Preview Assets.xcassets */,
			);
			path = "Preview Content";
			sourceTree = "<group>";
		};
		2C3E51312BFDA70500106526 /* PokeAppSwiftUITests */ = {
			isa = PBXGroup;
			children = (
				2C3E51322BFDA70500106526 /* PokeAppSwiftUITests.swift */,
				2C3E51662BFDB38F00106526 /* PokemonListViewUITests.swift */,
				2C3E51642BFDB32200106526 /* PokemonDetailViewModelTests.swift */,
				2C3E516C2BFDB43200106526 /* PokemonListViewModelTests.swift */,
			);
			path = PokeAppSwiftUITests;
			sourceTree = "<group>";
		};
		2C3E513B2BFDA70500106526 /* PokeAppSwiftUIUITests */ = {
			isa = PBXGroup;
			children = (
				2C3E513C2BFDA70500106526 /* PokeAppSwiftUIUITests.swift */,
				2C3E513E2BFDA70500106526 /* PokeAppSwiftUIUITestsLaunchTests.swift */,
				2C3E51682BFDB3CF00106526 /* PokemonListViewUIUITests.swift */,
			);
			path = PokeAppSwiftUIUITests;
			sourceTree = "<group>";
		};
		2C3E514B2BFDA71900106526 /* Models */ = {
			isa = PBXGroup;
			children = (
				2C3E51542BFDA7B800106526 /* Pokemon.swift */,
				2C3E51562BFDA80700106526 /* PokemonListResponse.swift */,
				2C3E51702BFDB6E900106526 /* PokemonService.swift */,
			);
			path = Models;
			sourceTree = "<group>";
		};
		2C3E514C2BFDA72C00106526 /* Views */ = {
			isa = PBXGroup;
			children = (
				2C3E51522BFDA79800106526 /* PokemonListView.swift */,
				2C3E51502BFDA76D00106526 /* PokemonDetailView.swift */,
				2C3E515A2BFDA96700106526 /* AsyncImageView.swift */,
				2C3E515C2BFDACA600106526 /* PokemonHeaderView.swift */,
				2C3E515E2BFDACC900106526 /* PokemonInfoView.swift */,
				2C3E51602BFDACDE00106526 /* SpritesGridView.swift */,
				2C3E51622BFDACFA00106526 /* SectionView.swift */,
			);
			path = Views;
			sourceTree = "<group>";
		};
		2C3E514D2BFDA73400106526 /* ViewModels */ = {
			isa = PBXGroup;
			children = (
				2C3E514E2BFDA76200106526 /* PokemonListViewModel.swift */,
				2C3E51582BFDA92A00106526 /* PokemonDetailViewModel.swift */,
			);
			path = ViewModels;
			sourceTree = "<group>";
		};
/* End PBXGroup section */

/* Begin PBXNativeTarget section */
		2C3E511D2BFDA70400106526 /* PokeAppSwiftUI */ = {
			isa = PBXNativeTarget;
			buildConfigurationList = 2C3E51422BFDA70500106526 /* Build configuration list for PBXNativeTarget "PokeAppSwiftUI" */;
			buildPhases = (
				2C3E511A2BFDA70400106526 /* Sources */,
				2C3E511B2BFDA70400106526 /* Frameworks */,
				2C3E511C2BFDA70400106526 /* Resources */,
			);
			buildRules = (
			);
			dependencies = (
			);
			name = PokeAppSwiftUI;
			productName = PokeAppSwiftUI;
			productReference = 2C3E511E2BFDA70400106526 /* PokeAppSwiftUI.app */;
			productType = "com.apple.product-type.application";
		};
		2C3E512D2BFDA70500106526 /* PokeAppSwiftUITests */ = {
			isa = PBXNativeTarget;
			buildConfigurationList = 2C3E51452BFDA70500106526 /* Build configuration list for PBXNativeTarget "PokeAppSwiftUITests" */;
			buildPhases = (
				2C3E512A2BFDA70500106526 /* Sources */,
				2C3E512B2BFDA70500106526 /* Frameworks */,
				2C3E512C2BFDA70500106526 /* Resources */,
			);
			buildRules = (
			);
			dependencies = (
				2C3E51302BFDA70500106526 /* PBXTargetDependency */,
			);
			name = PokeAppSwiftUITests;
			productName = PokeAppSwiftUITests;
			productReference = 2C3E512E2BFDA70500106526 /* PokeAppSwiftUITests.xctest */;
			productType = "com.apple.product-type.bundle.unit-test";
		};
		2C3E51372BFDA70500106526 /* PokeAppSwiftUIUITests */ = {
			isa = PBXNativeTarget;
			buildConfigurationList = 2C3E51482BFDA70500106526 /* Build configuration list for PBXNativeTarget "PokeAppSwiftUIUITests" */;
			buildPhases = (
				2C3E51342BFDA70500106526 /* Sources */,
				2C3E51352BFDA70500106526 /* Frameworks */,
				2C3E51362BFDA70500106526 /* Resources */,
			);
			buildRules = (
			);
			dependencies = (
				2C3E513A2BFDA70500106526 /* PBXTargetDependency */,
			);
			name = PokeAppSwiftUIUITests;
			productName = PokeAppSwiftUIUITests;
			productReference = 2C3E51382BFDA70500106526 /* PokeAppSwiftUIUITests.xctest */;
			productType = "com.apple.product-type.bundle.ui-testing";
		};
/* End PBXNativeTarget section */

/* Begin PBXProject section */
		2C3E51162BFDA70400106526 /* Project object */ = {
			isa = PBXProject;
			attributes = {
				BuildIndependentTargetsInParallel = 1;
				LastSwiftUpdateCheck = 1530;
				LastUpgradeCheck = 1530;
				TargetAttributes = {
					2C3E511D2BFDA70400106526 = {
						CreatedOnToolsVersion = 15.3;
					};
					2C3E512D2BFDA70500106526 = {
						CreatedOnToolsVersion = 15.3;
						TestTargetID = 2C3E511D2BFDA70400106526;
					};
					2C3E51372BFDA70500106526 = {
						CreatedOnToolsVersion = 15.3;
						TestTargetID = 2C3E511D2BFDA70400106526;
					};
				};
			};
			buildConfigurationList = 2C3E51192BFDA70400106526 /* Build configuration list for PBXProject "PokeAppSwiftUI" */;
			compatibilityVersion = "Xcode 14.0";
			developmentRegion = en;
			hasScannedForEncodings = 0;
			knownRegions = (
				en,
				Base,
			);
			mainGroup = 2C3E51152BFDA70400106526;
			productRefGroup = 2C3E511F2BFDA70400106526 /* Products */;
			projectDirPath = "";
			projectRoot = "";
			targets = (
				2C3E511D2BFDA70400106526 /* PokeAppSwiftUI */,
				2C3E512D2BFDA70500106526 /* PokeAppSwiftUITests */,
				2C3E51372BFDA70500106526 /* PokeAppSwiftUIUITests */,
			);
		};
/* End PBXProject section */

/* Begin PBXResourcesBuildPhase section */
		2C3E511C2BFDA70400106526 /* Resources */ = {
			isa = PBXResourcesBuildPhase;
			buildActionMask = 2147483647;
			files = (
				2C3E51292BFDA70500106526 /* Preview Assets.xcassets in Resources */,
				2C3E51262BFDA70500106526 /* Assets.xcassets in Resources */,
			);
			runOnlyForDeploymentPostprocessing = 0;
		};
		2C3E512C2BFDA70500106526 /* Resources */ = {
			isa = PBXResourcesBuildPhase;
			buildActionMask = 2147483647;
			files = (
			);
			runOnlyForDeploymentPostprocessing = 0;
		};
		2C3E51362BFDA70500106526 /* Resources */ = {
			isa = PBXResourcesBuildPhase;
			buildActionMask = 2147483647;
			files = (
			);
			runOnlyForDeploymentPostprocessing = 0;
		};
/* End PBXResourcesBuildPhase section */

/* Begin PBXSourcesBuildPhase section */
		2C3E511A2BFDA70400106526 /* Sources */ = {
			isa = PBXSourcesBuildPhase;
			buildActionMask = 2147483647;
			files = (
				2C3E51532BFDA79800106526 /* PokemonListView.swift in Sources */,
				2C3E515D2BFDACA600106526 /* PokemonHeaderView.swift in Sources */,
				2C3E51712BFDB6E900106526 /* PokemonService.swift in Sources */,
				2C3E51512BFDA76D00106526 /* PokemonDetailView.swift in Sources */,
				2C3E51222BFDA70400106526 /* PokeAppSwiftUIApp.swift in Sources */,
				2C3E51572BFDA80700106526 /* PokemonListResponse.swift in Sources */,
				2C3E515B2BFDA96700106526 /* AsyncImageView.swift in Sources */,
				2C3E514F2BFDA76200106526 /* PokemonListViewModel.swift in Sources */,
				2C3E51632BFDACFA00106526 /* SectionView.swift in Sources */,
				2C3E515F2BFDACC900106526 /* PokemonInfoView.swift in Sources */,
				2C3E51552BFDA7B800106526 /* Pokemon.swift in Sources */,
				2C3E51592BFDA92A00106526 /* PokemonDetailViewModel.swift in Sources */,
				2C3E51612BFDACDE00106526 /* SpritesGridView.swift in Sources */,
			);
			runOnlyForDeploymentPostprocessing = 0;
		};
		2C3E512A2BFDA70500106526 /* Sources */ = {
			isa = PBXSourcesBuildPhase;
			buildActionMask = 2147483647;
			files = (
				2C3E51672BFDB38F00106526 /* PokemonListViewUITests.swift in Sources */,
				2C3E51332BFDA70500106526 /* PokeAppSwiftUITests.swift in Sources */,
				2C3E516D2BFDB43200106526 /* PokemonListViewModelTests.swift in Sources */,
				2C3E51652BFDB32200106526 /* PokemonDetailViewModelTests.swift in Sources */,
			);
			runOnlyForDeploymentPostprocessing = 0;
		};
		2C3E51342BFDA70500106526 /* Sources */ = {
			isa = PBXSourcesBuildPhase;
			buildActionMask = 2147483647;
			files = (
				2C3E513D2BFDA70500106526 /* PokeAppSwiftUIUITests.swift in Sources */,
				2C3E51692BFDB3CF00106526 /* PokemonListViewUIUITests.swift in Sources */,
				2C3E513F2BFDA70500106526 /* PokeAppSwiftUIUITestsLaunchTests.swift in Sources */,
			);
			runOnlyForDeploymentPostprocessing = 0;
		};
/* End PBXSourcesBuildPhase section */

/* Begin PBXTargetDependency section */
		2C3E51302BFDA70500106526 /* PBXTargetDependency */ = {
			isa = PBXTargetDependency;
			target = 2C3E511D2BFDA70400106526 /* PokeAppSwiftUI */;
			targetProxy = 2C3E512F2BFDA70500106526 /* PBXContainerItemProxy */;
		};
		2C3E513A2BFDA70500106526 /* PBXTargetDependency */ = {
			isa = PBXTargetDependency;
			target = 2C3E511D2BFDA70400106526 /* PokeAppSwiftUI */;
			targetProxy = 2C3E51392BFDA70500106526 /* PBXContainerItemProxy */;
		};
/* End PBXTargetDependency section */

/* Begin XCBuildConfiguration section */
		2C3E51402BFDA70500106526 /* Debug */ = {
			isa = XCBuildConfiguration;
			buildSettings = {
				ALWAYS_SEARCH_USER_PATHS = NO;
				ASSETCATALOG_COMPILER_GENERATE_SWIFT_ASSET_SYMBOL_EXTENSIONS = YES;
				CLANG_ANALYZER_NONNULL = YES;
				CLANG_ANALYZER_NUMBER_OBJECT_CONVERSION = YES_AGGRESSIVE;
				CLANG_CXX_LANGUAGE_STANDARD = "gnu++20";
				CLANG_ENABLE_MODULES = YES;
				CLANG_ENABLE_OBJC_ARC = YES;
				CLANG_ENABLE_OBJC_WEAK = YES;
				CLANG_WARN_BLOCK_CAPTURE_AUTORELEASING = YES;
				CLANG_WARN_BOOL_CONVERSION = YES;
				CLANG_WARN_COMMA = YES;
				CLANG_WARN_CONSTANT_CONVERSION = YES;
				CLANG_WARN_DEPRECATED_OBJC_IMPLEMENTATIONS = YES;
				CLANG_WARN_DIRECT_OBJC_ISA_USAGE = YES_ERROR;
				CLANG_WARN_DOCUMENTATION_COMMENTS = YES;
				CLANG_WARN_EMPTY_BODY = YES;
				CLANG_WARN_ENUM_CONVERSION = YES;
				CLANG_WARN_INFINITE_RECURSION = YES;
				CLANG_WARN_INT_CONVERSION = YES;
				CLANG_WARN_NON_LITERAL_NULL_CONVERSION = YES;
				CLANG_WARN_OBJC_IMPLICIT_RETAIN_SELF = YES;
				CLANG_WARN_OBJC_LITERAL_CONVERSION = YES;
				CLANG_WARN_OBJC_ROOT_CLASS = YES_ERROR;
				CLANG_WARN_QUOTED_INCLUDE_IN_FRAMEWORK_HEADER = YES;
				CLANG_WARN_RANGE_LOOP_ANALYSIS = YES;
				CLANG_WARN_STRICT_PROTOTYPES = YES;
				CLANG_WARN_SUSPICIOUS_MOVE = YES;
				CLANG_WARN_UNGUARDED_AVAILABILITY = YES_AGGRESSIVE;
				CLANG_WARN_UNREACHABLE_CODE = YES;
				CLANG_WARN__DUPLICATE_METHOD_MATCH = YES;
				COPY_PHASE_STRIP = NO;
				DEBUG_INFORMATION_FORMAT = dwarf;
				ENABLE_STRICT_OBJC_MSGSEND = YES;
				ENABLE_TESTABILITY = YES;
				ENABLE_USER_SCRIPT_SANDBOXING = YES;
				GCC_C_LANGUAGE_STANDARD = gnu17;
				GCC_DYNAMIC_NO_PIC = NO;
				GCC_NO_COMMON_BLOCKS = YES;
				GCC_OPTIMIZATION_LEVEL = 0;
				GCC_PREPROCESSOR_DEFINITIONS = (
					"DEBUG=1",
					"$(inherited)",
				);
				GCC_WARN_64_TO_32_BIT_CONVERSION = YES;
				GCC_WARN_ABOUT_RETURN_TYPE = YES_ERROR;
				GCC_WARN_UNDECLARED_SELECTOR = YES;
				GCC_WARN_UNINITIALIZED_AUTOS = YES_AGGRESSIVE;
				GCC_WARN_UNUSED_FUNCTION = YES;
				GCC_WARN_UNUSED_VARIABLE = YES;
				IPHONEOS_DEPLOYMENT_TARGET = 16.0;
				LOCALIZATION_PREFERS_STRING_CATALOGS = YES;
				MTL_ENABLE_DEBUG_INFO = INCLUDE_SOURCE;
				MTL_FAST_MATH = YES;
				ONLY_ACTIVE_ARCH = YES;
				SDKROOT = iphoneos;
				SWIFT_ACTIVE_COMPILATION_CONDITIONS = "DEBUG $(inherited)";
				SWIFT_OPTIMIZATION_LEVEL = "-Onone";
			};
			name = Debug;
		};
		2C3E51412BFDA70500106526 /* Release */ = {
			isa = XCBuildConfiguration;
			buildSettings = {
				ALWAYS_SEARCH_USER_PATHS = NO;
				ASSETCATALOG_COMPILER_GENERATE_SWIFT_ASSET_SYMBOL_EXTENSIONS = YES;
				CLANG_ANALYZER_NONNULL = YES;
				CLANG_ANALYZER_NUMBER_OBJECT_CONVERSION = YES_AGGRESSIVE;
				CLANG_CXX_LANGUAGE_STANDARD = "gnu++20";
				CLANG_ENABLE_MODULES = YES;
				CLANG_ENABLE_OBJC_ARC = YES;
				CLANG_ENABLE_OBJC_WEAK = YES;
				CLANG_WARN_BLOCK_CAPTURE_AUTORELEASING = YES;
				CLANG_WARN_BOOL_CONVERSION = YES;
				CLANG_WARN_COMMA = YES;
				CLANG_WARN_CONSTANT_CONVERSION = YES;
				CLANG_WARN_DEPRECATED_OBJC_IMPLEMENTATIONS = YES;
				CLANG_WARN_DIRECT_OBJC_ISA_USAGE = YES_ERROR;
				CLANG_WARN_DOCUMENTATION_COMMENTS = YES;
				CLANG_WARN_EMPTY_BODY = YES;
				CLANG_WARN_ENUM_CONVERSION = YES;
				CLANG_WARN_INFINITE_RECURSION = YES;
				CLANG_WARN_INT_CONVERSION = YES;
				CLANG_WARN_NON_LITERAL_NULL_CONVERSION = YES;
				CLANG_WARN_OBJC_IMPLICIT_RETAIN_SELF = YES;
				CLANG_WARN_OBJC_LITERAL_CONVERSION = YES;
				CLANG_WARN_OBJC_ROOT_CLASS = YES_ERROR;
				CLANG_WARN_QUOTED_INCLUDE_IN_FRAMEWORK_HEADER = YES;
				CLANG_WARN_RANGE_LOOP_ANALYSIS = YES;
				CLANG_WARN_STRICT_PROTOTYPES = YES;
				CLANG_WARN_SUSPICIOUS_MOVE = YES;
				CLANG_WARN_UNGUARDED_AVAILABILITY = YES_AGGRESSIVE;
				CLANG_WARN_UNREACHABLE_CODE = YES;
				CLANG_WARN__DUPLICATE_METHOD_MATCH = YES;
				COPY_PHASE_STRIP = NO;
				DEBUG_INFORMATION_FORMAT = "dwarf-with-dsym";
				ENABLE_NS_ASSERTIONS = NO;
				ENABLE_STRICT_OBJC_MSGSEND = YES;
				ENABLE_USER_SCRIPT_SANDBOXING = YES;
				GCC_C_LANGUAGE_STANDARD = gnu17;
				GCC_NO_COMMON_BLOCKS = YES;
				GCC_WARN_64_TO_32_BIT_CONVERSION = YES;
				GCC_WARN_ABOUT_RETURN_TYPE = YES_ERROR;
				GCC_WARN_UNDECLARED_SELECTOR = YES;
				GCC_WARN_UNINITIALIZED_AUTOS = YES_AGGRESSIVE;
				GCC_WARN_UNUSED_FUNCTION = YES;
				GCC_WARN_UNUSED_VARIABLE = YES;
				IPHONEOS_DEPLOYMENT_TARGET = 16.0;
				LOCALIZATION_PREFERS_STRING_CATALOGS = YES;
				MTL_ENABLE_DEBUG_INFO = NO;
				MTL_FAST_MATH = YES;
				SDKROOT = iphoneos;
				SWIFT_COMPILATION_MODE = wholemodule;
				VALIDATE_PRODUCT = YES;
			};
			name = Release;
		};
		2C3E51432BFDA70500106526 /* Debug */ = {
			isa = XCBuildConfiguration;
			buildSettings = {
				ASSETCATALOG_COMPILER_APPICON_NAME = AppIcon;
				ASSETCATALOG_COMPILER_GLOBAL_ACCENT_COLOR_NAME = AccentColor;
				CODE_SIGN_STYLE = Automatic;
				CURRENT_PROJECT_VERSION = 1;
				DEVELOPMENT_ASSET_PATHS = "\"PokeAppSwiftUI/Preview Content\"";
				ENABLE_PREVIEWS = YES;
				GENERATE_INFOPLIST_FILE = YES;
				INFOPLIST_KEY_UIApplicationSceneManifest_Generation = YES;
				INFOPLIST_KEY_UIApplicationSupportsIndirectInputEvents = YES;
				INFOPLIST_KEY_UILaunchScreen_Generation = YES;
				INFOPLIST_KEY_UISupportedInterfaceOrientations_iPad = "UIInterfaceOrientationPortrait UIInterfaceOrientationPortraitUpsideDown UIInterfaceOrientationLandscapeLeft UIInterfaceOrientationLandscapeRight";
				INFOPLIST_KEY_UISupportedInterfaceOrientations_iPhone = "UIInterfaceOrientationPortrait UIInterfaceOrientationLandscapeLeft UIInterfaceOrientationLandscapeRight";
				LD_RUNPATH_SEARCH_PATHS = (
					"$(inherited)",
					"@executable_path/Frameworks",
				);
				MARKETING_VERSION = 1.0;
				PRODUCT_BUNDLE_IDENTIFIER = com.sandeep.PokeAppSwiftUI;
				PRODUCT_NAME = "$(TARGET_NAME)";
				SWIFT_EMIT_LOC_STRINGS = YES;
				SWIFT_VERSION = 5.0;
				TARGETED_DEVICE_FAMILY = "1,2";
			};
			name = Debug;
		};
		2C3E51442BFDA70500106526 /* Release */ = {
			isa = XCBuildConfiguration;
			buildSettings = {
				ASSETCATALOG_COMPILER_APPICON_NAME = AppIcon;
				ASSETCATALOG_COMPILER_GLOBAL_ACCENT_COLOR_NAME = AccentColor;
				CODE_SIGN_STYLE = Automatic;
				CURRENT_PROJECT_VERSION = 1;
				DEVELOPMENT_ASSET_PATHS = "\"PokeAppSwiftUI/Preview Content\"";
				ENABLE_PREVIEWS = YES;
				GENERATE_INFOPLIST_FILE = YES;
				INFOPLIST_KEY_UIApplicationSceneManifest_Generation = YES;
				INFOPLIST_KEY_UIApplicationSupportsIndirectInputEvents = YES;
				INFOPLIST_KEY_UILaunchScreen_Generation = YES;
				INFOPLIST_KEY_UISupportedInterfaceOrientations_iPad = "UIInterfaceOrientationPortrait UIInterfaceOrientationPortraitUpsideDown UIInterfaceOrientationLandscapeLeft UIInterfaceOrientationLandscapeRight";
				INFOPLIST_KEY_UISupportedInterfaceOrientations_iPhone = "UIInterfaceOrientationPortrait UIInterfaceOrientationLandscapeLeft UIInterfaceOrientationLandscapeRight";
				LD_RUNPATH_SEARCH_PATHS = (
					"$(inherited)",
					"@executable_path/Frameworks",
				);
				MARKETING_VERSION = 1.0;
				PRODUCT_BUNDLE_IDENTIFIER = com.sandeep.PokeAppSwiftUI;
				PRODUCT_NAME = "$(TARGET_NAME)";
				SWIFT_EMIT_LOC_STRINGS = YES;
				SWIFT_VERSION = 5.0;
				TARGETED_DEVICE_FAMILY = "1,2";
			};
			name = Release;
		};
		2C3E51462BFDA70500106526 /* Debug */ = {
			isa = XCBuildConfiguration;
			buildSettings = {
				ALWAYS_EMBED_SWIFT_STANDARD_LIBRARIES = YES;
				BUNDLE_LOADER = "$(TEST_HOST)";
				CODE_SIGN_STYLE = Automatic;
				CURRENT_PROJECT_VERSION = 1;
				GENERATE_INFOPLIST_FILE = YES;
				IPHONEOS_DEPLOYMENT_TARGET = 17.4;
				MARKETING_VERSION = 1.0;
				PRODUCT_BUNDLE_IDENTIFIER = com.sandeep.PokeAppSwiftUITests;
				PRODUCT_NAME = "$(TARGET_NAME)";
				SWIFT_EMIT_LOC_STRINGS = NO;
				SWIFT_VERSION = 5.0;
				TARGETED_DEVICE_FAMILY = "1,2";
				TEST_HOST = "$(BUILT_PRODUCTS_DIR)/PokeAppSwiftUI.app/$(BUNDLE_EXECUTABLE_FOLDER_PATH)/PokeAppSwiftUI";
			};
			name = Debug;
		};
		2C3E51472BFDA70500106526 /* Release */ = {
			isa = XCBuildConfiguration;
			buildSettings = {
				ALWAYS_EMBED_SWIFT_STANDARD_LIBRARIES = YES;
				BUNDLE_LOADER = "$(TEST_HOST)";
				CODE_SIGN_STYLE = Automatic;
				CURRENT_PROJECT_VERSION = 1;
				GENERATE_INFOPLIST_FILE = YES;
				IPHONEOS_DEPLOYMENT_TARGET = 17.4;
				MARKETING_VERSION = 1.0;
				PRODUCT_BUNDLE_IDENTIFIER = com.sandeep.PokeAppSwiftUITests;
				PRODUCT_NAME = "$(TARGET_NAME)";
				SWIFT_EMIT_LOC_STRINGS = NO;
				SWIFT_VERSION = 5.0;
				TARGETED_DEVICE_FAMILY = "1,2";
				TEST_HOST = "$(BUILT_PRODUCTS_DIR)/PokeAppSwiftUI.app/$(BUNDLE_EXECUTABLE_FOLDER_PATH)/PokeAppSwiftUI";
			};
			name = Release;
		};
		2C3E51492BFDA70500106526 /* Debug */ = {
			isa = XCBuildConfiguration;
			buildSettings = {
				ALWAYS_EMBED_SWIFT_STANDARD_LIBRARIES = YES;
				CODE_SIGN_STYLE = Automatic;
				CURRENT_PROJECT_VERSION = 1;
				GENERATE_INFOPLIST_FILE = YES;
				MARKETING_VERSION = 1.0;
				PRODUCT_BUNDLE_IDENTIFIER = com.sandeep.PokeAppSwiftUIUITests;
				PRODUCT_NAME = "$(TARGET_NAME)";
				SWIFT_EMIT_LOC_STRINGS = NO;
				SWIFT_VERSION = 5.0;
				TARGETED_DEVICE_FAMILY = "1,2";
				TEST_TARGET_NAME = PokeAppSwiftUI;
			};
			name = Debug;
		};
		2C3E514A2BFDA70500106526 /* Release */ = {
			isa = XCBuildConfiguration;
			buildSettings = {
				ALWAYS_EMBED_SWIFT_STANDARD_LIBRARIES = YES;
				CODE_SIGN_STYLE = Automatic;
				CURRENT_PROJECT_VERSION = 1;
				GENERATE_INFOPLIST_FILE = YES;
				MARKETING_VERSION = 1.0;
				PRODUCT_BUNDLE_IDENTIFIER = com.sandeep.PokeAppSwiftUIUITests;
				PRODUCT_NAME = "$(TARGET_NAME)";
				SWIFT_EMIT_LOC_STRINGS = NO;
				SWIFT_VERSION = 5.0;
				TARGETED_DEVICE_FAMILY = "1,2";
				TEST_TARGET_NAME = PokeAppSwiftUI;
			};
			name = Release;
		};
/* End XCBuildConfiguration section */

/* Begin XCConfigurationList section */
		2C3E51192BFDA70400106526 /* Build configuration list for PBXProject "PokeAppSwiftUI" */ = {
			isa = XCConfigurationList;
			buildConfigurations = (
				2C3E51402BFDA70500106526 /* Debug */,
				2C3E51412BFDA70500106526 /* Release */,
			);
			defaultConfigurationIsVisible = 0;
			defaultConfigurationName = Release;
		};
		2C3E51422BFDA70500106526 /* Build configuration list for PBXNativeTarget "PokeAppSwiftUI" */ = {
			isa = XCConfigurationList;
			buildConfigurations = (
				2C3E51432BFDA70500106526 /* Debug */,
				2C3E51442BFDA70500106526 /* Release */,
			);
			defaultConfigurationIsVisible = 0;
			defaultConfigurationName = Release;
		};
		2C3E51452BFDA70500106526 /* Build configuration list for PBXNativeTarget "PokeAppSwiftUITests" */ = {
			isa = XCConfigurationList;
			buildConfigurations = (
				2C3E51462BFDA70500106526 /* Debug */,
				2C3E51472BFDA70500106526 /* Release */,
			);
			defaultConfigurationIsVisible = 0;
			defaultConfigurationName = Release;
		};
		2C3E51482BFDA70500106526 /* Build configuration list for PBXNativeTarget "PokeAppSwiftUIUITests" */ = {
			isa = XCConfigurationList;
			buildConfigurations = (
				2C3E51492BFDA70500106526 /* Debug */,
				2C3E514A2BFDA70500106526 /* Release */,
			);
			defaultConfigurationIsVisible = 0;
			defaultConfigurationName = Release;
		};
/* End XCConfigurationList section */
	};
	rootObject = 2C3E51162BFDA70400106526 /* Project object */;
}
